<?xml version="1.0" encoding="utf-8"?>
<Project ToolsVersion="4.0" xmlns="http://schemas.microsoft.com/developer/msbuild/2003">
  <ItemGroup>
    <Filter Include="Source Files">
      <UniqueIdentifier>{4FC737F1-C7A5-4376-A066-2A32D752A2FF}</UniqueIdentifier>
      <Extensions>cpp;c;cc;cxx;def;odl;idl;hpj;bat;asm;asmx</Extensions>
    </Filter>
    <Filter Include="Header Files">
      <UniqueIdentifier>{93995380-89BD-4b04-88EB-625FBE52EBFB}</UniqueIdentifier>
      <Extensions>h;hh;hpp;hxx;hm;inl;inc;xsd</Extensions>
    </Filter>
    <Filter Include="Resource Files">
      <UniqueIdentifier>{67DA6AB6-F800-4c08-8B7A-83BB121AAD01}</UniqueIdentifier>
      <Extensions>rc;ico;cur;bmp;dlg;rc2;rct;bin;rgs;gif;jpg;jpeg;jpe;resx;tiff;tif;png;wav;mfcribbon-ms</Extensions>
    </Filter>
  </ItemGroup>
  <ItemGroup>
    <ClCompile Include="src\main.cpp">
      <Filter>Source Files</Filter>
    </ClCompile>
    <ClCompile Include="glad.c">
      <Filter>Source Files</Filter>
    </ClCompile>
    <ClCompile Include="src\common.cpp">
      <Filter>Source Files</Filter>
    </ClCompile>
    <ClCompile Include="src\soil\image_DXT.c">
      <Filter>Source Files</Filter>
    </ClCompile>
    <ClCompile Include="src\soil\image_helper.c">
      <Filter>Source Files</Filter>
    </ClCompile>
    <ClCompile Include="src\soil\SOIL.c">
      <Filter>Source Files</Filter>
    </ClCompile>
    <ClCompile Include="src\soil\stb_image_aug.c">
      <Filter>Source Files</Filter>
    </ClCompile>
    <ClCompile Include="src\binding\lgapi_math_matrix.cpp">
      <Filter>Source Files</Filter>
    </ClCompile>
    <ClCompile Include="src\binding\lgapi_math_vector.cpp">
      <Filter>Source Files</Filter>
    </ClCompile>
    <ClCompile Include="src\binding\lgapi_gfx_texture.cpp">
      <Filter>Source Files</Filter>
    </ClCompile>
    <ClCompile Include="src\binding\lgapi_gfx_vertex.cpp">
      <Filter>Source Files</Filter>
    </ClCompile>
    <ClCompile Include="src\binding\lgapi_gfx_mesh.cpp">
      <Filter>Source Files</Filter>
    </ClCompile>
    <ClCompile Include="src\graphics\mesh_object.cpp">
      <Filter>Source Files</Filter>
    </ClCompile>
    <ClCompile Include="src\graphics\material_object.cpp">
      <Filter>Source Files</Filter>
    </ClCompile>
    <ClCompile Include="src\binding\lgmodule_window.cpp">
      <Filter>Source Files</Filter>
    </ClCompile>
    <ClCompile Include="src\binding\lgmodule_core.cpp">
      <Filter>Source Files</Filter>
    </ClCompile>
    <ClCompile Include="src\binding\lgmodule_keyboard.cpp">
      <Filter>Source Files</Filter>
    </ClCompile>
    <ClCompile Include="src\window_context.cpp">
      <Filter>Source Files</Filter>
    </ClCompile>
    <ClCompile Include="src\binding\luagame_runtime.cpp">
      <Filter>Source Files</Filter>
    </ClCompile>
    <ClCompile Include="src\binding\lgmodule_mouse.cpp">
      <Filter>Source Files</Filter>
    </ClCompile>
    <ClCompile Include="src\graphics\environment_object.cpp">
      <Filter>Source Files</Filter>
    </ClCompile>
    <ClCompile Include="src\graphics\mesh_batch.cpp">
      <Filter>Source Files</Filter>
    </ClCompile>
    <ClCompile Include="src\binding\lgapi_gfx_batch.cpp">
      <Filter>Source Files</Filter>
    </ClCompile>
    <ClCompile Include="src\platform\filesystem_msvc.cpp">
      <Filter>Source Files</Filter>
    </ClCompile>
    <ClCompile Include="src\graphics\texture_object.cpp">
      <Filter>Source Files</Filter>
    </ClCompile>
  </ItemGroup>
  <ItemGroup>
    <ClInclude Include="src\conf.h">
      <Filter>Header Files</Filter>
    </ClInclude>
    <ClInclude Include="src\graphics\graphics_math.h">
      <Filter>Header Files</Filter>
    </ClInclude>
    <ClInclude Include="src\soil\image_DXT.h">
      <Filter>Header Files</Filter>
    </ClInclude>
    <ClInclude Include="src\soil\image_helper.h">
      <Filter>Header Files</Filter>
    </ClInclude>
    <ClInclude Include="src\soil\SOIL.h">
      <Filter>Header Files</Filter>
    </ClInclude>
    <ClInclude Include="src\soil\stb_image_aug.h">
      <Filter>Header Files</Filter>
    </ClInclude>
    <ClInclude Include="src\soil\stbi_DDS_aug.h">
      <Filter>Header Files</Filter>
    </ClInclude>
    <ClInclude Include="src\soil\stbi_DDS_aug_c.h">
      <Filter>Header Files</Filter>
    </ClInclude>
    <ClInclude Include="src\gl_headers.h">
      <Filter>Header Files</Filter>
    </ClInclude>
    <ClInclude Include="src\common.h">
      <Filter>Header Files</Filter>
    </ClInclude>
    <ClInclude Include="src\graphics\vertex.h">
      <Filter>Header Files</Filter>
    </ClInclude>
    <ClInclude Include="src\binding\lgapi.h">
      <Filter>Header Files</Filter>
    </ClInclude>
    <ClInclude Include="src\binding\lgapi_math.h">
      <Filter>Header Files</Filter>
    </ClInclude>
    <ClInclude Include="src\binding\lgapi_gfx.h">
      <Filter>Header Files</Filter>
    </ClInclude>
    <ClInclude Include="src\graphics\mesh_object.h">
      <Filter>Header Files</Filter>
    </ClInclude>
    <ClInclude Include="src\graphics\material_object.h">
      <Filter>Header Files</Filter>
    </ClInclude>
    <ClInclude Include="src\graphics\texture_object.h">
      <Filter>Header Files</Filter>
    </ClInclude>
    <ClInclude Include="src\shared_cache.h">
      <Filter>Header Files</Filter>
    </ClInclude>
    <ClInclude Include="src\binding\lgapi_core.h">
      <Filter>Header Files</Filter>
    </ClInclude>
    <ClInclude Include="src\binding\lgmodule.h">
      <Filter>Header Files</Filter>
    </ClInclude>
    <ClInclude Include="src\window_context.h">
      <Filter>Header Files</Filter>
    </ClInclude>
    <ClInclude Include="src\binding\lgapi_keydefs.gen.h">
      <Filter>Header Files</Filter>
    </ClInclude>
    <ClInclude Include="src\graphics\environment_object.h">
      <Filter>Header Files</Filter>
    </ClInclude>
    <ClInclude Include="src\graphics\mesh_instance.h">
      <Filter>Header Files</Filter>
    </ClInclude>
    <ClInclude Include="src\graphics\mesh_batch.h">
      <Filter>Header Files</Filter>
    </ClInclude>
    <ClInclude Include="src\filesystem.h">
      <Filter>Header Files</Filter>
    </ClInclude>
    <ClInclude Include="src\binding\lgapi_aux.gen.h">
      <Filter>Header Files</Filter>
    </ClInclude>
    <ClInclude Include="src\res\fragment_glsl.res.h">
      <Filter>Header Files</Filter>
    </ClInclude>
    <ClInclude Include="src\res\vertex_glsl.res.h">
      <Filter>Header Files</Filter>
    </ClInclude>
  </ItemGroup>
  <ItemGroup>
    <None Include="scripts\generate_keydefs.py" />
    <None Include="scripts\build.py" />
    <None Include="scripts\auxiliaries.py" />
    <None Include="buildscripts\include_file.py" />
    <None Include="buildscripts\auxiliaries.py" />
    <None Include="buildscripts\build.py" />
    <None Include="buildscripts\generate_keydefs.py" />
  </ItemGroup>
  <ItemGroup>
    <Xml Include="doc\api.xml" />
  </ItemGroup>
  <ItemGroup>
    <CustomBuild Include="auxlib\init.lua" />
    <CustomBuild Include="shaders\vertex.glsl" />
    <CustomBuild Include="shaders\fragment.glsl" />
  </ItemGroup>
</Project>